PODS:
  - connectivity_plus (0.0.1):
    - Flutter
  - CwlCatchException (2.2.1):
    - CwlCatchExceptionSupport (~> 2.2.1)
  - CwlCatchExceptionSupport (2.2.1)
  - Flutter (1.0.0)
  - flutter_local_notifications (0.0.1):
    - Flutter
  - flutter_timezone (0.0.1):
    - Flutter
  - permission_handler_apple (9.4.8):
    - Flutter
  - share_plus (0.0.1):
    - Flutter
  - speech_to_text (7.2.0):
    - CwlCatchException
    - Flutter
    - FlutterMacOS

DEPENDENCIES:
  - connectivity_plus (from `.symlinks/plugins/connectivity_plus/ios`)
  - Flutter (from `Flutter`)
  - flutter_local_notifications (from `.symlinks/plugins/flutter_local_notifications/ios`)
  - flutter_timezone (from `.symlinks/plugins/flutter_timezone/ios`)
  - permission_handler_apple (from `.symlinks/plugins/permission_handler_apple/ios`)
  - share_plus (from `.symlinks/plugins/share_plus/ios`)
  - speech_to_text (from `.symlinks/plugins/speech_to_text/darwin`)

SPEC REPOS:
  trunk:
    - CwlCatchException
    - CwlCatchExceptionSupport

EXTERNAL SOURCES:
  connectivity_plus:
    :path: ".symlinks/plugins/connectivity_plus/ios"
  Flutter:
    :path: Flutter
  flutter_local_notifications:
    :path: ".symlinks/plugins/flutter_local_notifications/ios"
  flutter_timezone:
    :path: ".symlinks/plugins/flutter_timezone/ios"
  permission_handler_apple:
    :path: ".symlinks/plugins/permission_handler_apple/ios"
  share_plus:
    :path: ".symlinks/plugins/share_plus/ios"
  speech_to_text:
    :path: ".symlinks/plugins/speech_to_text/darwin"

SPEC CHECKSUMS:
  connectivity_plus: 2a701ffec2c0ae28a48cf7540e279787e77c447d
  CwlCatchException: 7acc161b299a6de7f0a46a6ed741eae2c8b4d75a
  CwlCatchExceptionSupport: 54ccab8d8c78907b57f99717fb19d4cc3bce02dc
  Flutter: cabc95a1d2626b1b06e7179b784ebcf0c0cde467
  flutter_local_notifications: eda81afddbf18f8589f6ec069ce593c4c6378769
  flutter_timezone: ac3da59ac941ff1c98a2e1f0293420e020120282
  permission_handler_apple: ee2fe0fd04551b304eb002714ff067c371c822ed
  share_plus: 8b6f8b3447e494cca5317c8c3073de39b3600d1f
  speech_to_text: 87bf9298952e8d9073be1b6aade6d5758db5170c

PODFILE CHECKSUM: b63eadcc773d61b8247138e418b1820b08a6739b

COCOAPODS: 1.16.2
